{
  "nodes": {
    "flake-parts": {
      "inputs": {
        "nixpkgs-lib": "nixpkgs-lib"
      },
      "locked": {
        "lastModified": 1735774679,
        "narHash": "sha256-soePLBazJk0qQdDVhdbM98vYdssfs3WFedcq+raipRI=",
        "owner": "hercules-ci",
        "repo": "flake-parts",
        "rev": "f2f7418ce0ab4a5309a4596161d154cfc877af66",
        "type": "github"
      },
      "original": {
        "owner": "hercules-ci",
        "repo": "flake-parts",
        "type": "github"
      }
    },
    "hackage-unix": {
      "flake": false,
      "locked": {
        "lastModified": 1735985308,
        "narHash": "sha256-yJ37aLk8wyMhqX9uEf7GRcgDE6pzqg2L1KPb1zy16Cg=",
        "owner": "haskell",
        "repo": "unix",
        "rev": "4b47a232ad69011394bcaa40749376f192c6c066",
        "type": "github"
      },
      "original": {
        "owner": "haskell",
        "repo": "unix",
        "type": "github"
      }
    },
    "haskell-flake": {
      "locked": {
        "lastModified": 1735436109,
        "narHash": "sha256-WIn6GVY+UiaCL+kUeF8cfPXE5kxF4UPcFGx62U3kmAE=",
        "owner": "srid",
        "repo": "haskell-flake",
        "rev": "207b1d67106a799df892b380ed9dc7578746fbc1",
        "type": "github"
      },
      "original": {
        "owner": "srid",
        "repo": "haskell-flake",
        "type": "github"
      }
    },
    "nixpkgs": {
      "locked": {
        "lastModified": 1735949682,
        "narHash": "sha256-dhqeRRYn/K32SQbdC6iyOjtujihyMXbBeYCXX4qKmmM=",
        "owner": "nixos",
        "repo": "nixpkgs",
        "rev": "7d31281c4e0ba5d9611954e54280993ab77ba874",
        "type": "github"
      },
      "original": {
        "owner": "nixos",
        "ref": "haskell-updates",
        "repo": "nixpkgs",
        "type": "github"
      }
    },
    "nixpkgs-lib": {
      "locked": {
        "lastModified": 1735774519,
        "narHash": "sha256-CewEm1o2eVAnoqb6Ml+Qi9Gg/EfNAxbRx1lANGVyoLI=",
        "type": "tarball",
        "url": "https://github.com/NixOS/nixpkgs/archive/e9b51731911566bbf7e4895475a87fe06961de0b.tar.gz"
      },
      "original": {
        "type": "tarball",
        "url": "https://github.com/NixOS/nixpkgs/archive/e9b51731911566bbf7e4895475a87fe06961de0b.tar.gz"
      }
    },
    "root": {
      "inputs": {
        "flake-parts": "flake-parts",
        "hackage-unix": "hackage-unix",
        "haskell-flake": "haskell-flake",
        "nixpkgs": "nixpkgs"
      }
    }
  },
  "root": "root",
  "version": 7
}
